
Microsoft Visual Studio Solution File, Format Version 12.00
# Visual Studio Version 16
VisualStudioVersion = 16.0.30128.74
MinimumVisualStudioVersion = 10.0.40219.1
Project("{FAE04EC0-301F-11D3-BF4B-00C04F79EFBC}") = "EnglishSalon", "EnglishSalon\EnglishSalon.csproj", "{9BBCA6A4-4148-4B25-80E3-75878F4A126E}"
EndProject
Project("{FAE04EC0-301F-11D3-BF4B-00C04F79EFBC}") = "EnglishSalon.Services", "EnglishSalon.Services\EnglishSalon.Services.csproj", "{9E89D198-AF9C-48F2-8F54-FEDE4EEE86A4}"
EndProject
Project("{FAE04EC0-301F-11D3-BF4B-00C04F79EFBC}") = "EnglishSalon.Models", "EnglishSalon.Models\EnglishSalon.Models.csproj", "{2753C364-58B0-4492-A72A-1F96966CEC54}"
EndProject
Global
	GlobalSection(SolutionConfigurationPlatforms) = preSolution
		Debug|Any CPU = Debug|Any CPU
		Release|Any CPU = Release|Any CPU
	EndGlobalSection
	GlobalSection(ProjectConfigurationPlatforms) = postSolution
		{9BBCA6A4-4148-4B25-80E3-75878F4A126E}.Debug|Any CPU.ActiveCfg = Debug|Any CPU
		{9BBCA6A4-4148-4B25-80E3-75878F4A126E}.Debug|Any CPU.Build.0 = Debug|Any CPU
		{9BBCA6A4-4148-4B25-80E3-75878F4A126E}.Release|Any CPU.ActiveCfg = Release|Any CPU
		{9BBCA6A4-4148-4B25-80E3-75878F4A126E}.Release|Any CPU.Build.0 = Release|Any CPU
		{9E89D198-AF9C-48F2-8F54-FEDE4EEE86A4}.Debug|Any CPU.ActiveCfg = Debug|Any CPU
		{9E89D198-AF9C-48F2-8F54-FEDE4EEE86A4}.Debug|Any CPU.Build.0 = Debug|Any CPU
		{9E89D198-AF9C-48F2-8F54-FEDE4EEE86A4}.Release|Any CPU.ActiveCfg = Release|Any CPU
		{9E89D198-AF9C-48F2-8F54-FEDE4EEE86A4}.Release|Any CPU.Build.0 = Release|Any CPU
		{2753C364-58B0-4492-A72A-1F96966CEC54}.Debug|Any CPU.ActiveCfg = Debug|Any CPU
		{2753C364-58B0-4492-A72A-1F96966CEC54}.Debug|Any CPU.Build.0 = Debug|Any CPU
		{2753C364-58B0-4492-A72A-1F96966CEC54}.Release|Any CPU.ActiveCfg = Release|Any CPU
		{2753C364-58B0-4492-A72A-1F96966CEC54}.Release|Any CPU.Build.0 = Release|Any CPU
	EndGlobalSection
	GlobalSection(SolutionProperties) = preSolution
		HideSolutionNode = FALSE
	EndGlobalSection
	GlobalSection(ExtensibilityGlobals) = postSolution
		SolutionGuid = {980E73A8-79E1-4F67-9BC5-F81F947243F5}
	EndGlobalSection
EndGlobal
